{
  "nodes": {
    "nixpkgs": {
      "locked": {
        "lastModified": 1735291276,
        "narHash": "sha256-NYVcA06+blsLG6wpAbSPTCyLvxD/92Hy4vlY9WxFI1M=",
        "owner": "nixos",
        "repo": "nixpkgs",
        "rev": "634fd46801442d760e09493a794c4f15db2d0cbb",
        "type": "github"
      },
      "original": {
        "owner": "nixos",
        "ref": "nixos-unstable",
        "repo": "nixpkgs",
        "type": "github"
      }
    },
    "pix2tex-src": {
      "flake": false,
      "locked": {
        "lastModified": 1733436697,
        "narHash": "sha256-bH/buzMYqIqrxVZwS95Z7bpc9MM+vgDUxb59mm1slng=",
        "owner": "lukas-blecher",
        "repo": "LaTeX-OCR",
        "rev": "f0269de46ed87c6dde917a3b8b95d9e3ced7cd5f",
        "type": "github"
      },
      "original": {
        "owner": "lukas-blecher",
        "repo": "LaTeX-OCR",
        "type": "github"
      }
    },
    "root": {
      "inputs": {
        "nixpkgs": "nixpkgs",
        "pix2tex-src": "pix2tex-src"
      }
    }
  },
  "root": "root",
  "version": 7
}
