{
  "nodes": {
    "nixpkgs": {
      "locked": {
        "lastModified": 1720957393,
        "narHash": "sha256-oedh2RwpjEa+TNxhg5Je9Ch6d3W1NKi7DbRO1ziHemA=",
        "owner": "nixos",
        "repo": "nixpkgs",
        "rev": "693bc46d169f5af9c992095736e82c3488bf7dbb",
        "type": "github"
      },
      "original": {
        "owner": "nixos",
        "ref": "nixos-unstable",
        "repo": "nixpkgs",
        "type": "github"
      }
    },
    "pix2tex-src": {
      "flake": false,
      "locked": {
        "lastModified": 1694866804,
        "narHash": "sha256-I3B8eH7zV2zIogDt9znkEzp4EeBjY6NfI4jsl+v/8aM=",
        "owner": "lukas-blecher",
        "repo": "LaTeX-OCR",
        "rev": "1781514fb8c92ea9f94057295fdae0e683f4648e",
        "type": "github"
      },
      "original": {
        "owner": "lukas-blecher",
        "repo": "LaTeX-OCR",
        "type": "github"
      }
    },
    "root": {
      "inputs": {
        "nixpkgs": "nixpkgs",
        "pix2tex-src": "pix2tex-src"
      }
    }
  },
  "root": "root",
  "version": 7
}
